// !$*UTF8*$!
{
	archiveVersion = 1;
	classes = {
	};
	objectVersion = 46;
	objects = {

/* Begin PBXBuildFile section */
		0E57358D15C2E20400A58F7B /* src in Resources */ = {isa = PBXBuildFile; fileRef = 0E57358C15C2E20400A58F7B /* src */; };
		0E57359315C2E20B00A58F7B /* libfacebook_ios_sdk.a in Frameworks */ = {isa = PBXBuildFile; fileRef = 0E57359215C2E20B00A58F7B /* libfacebook_ios_sdk.a */; };
		0E5735A615C4355B00A58F7B /* ThirdViewController.m in Sources */ = {isa = PBXBuildFile; fileRef = 0E5735A415C4355A00A58F7B /* ThirdViewController.m */; };
		0E5735A715C4355B00A58F7B /* ThirdViewController.xib in Resources */ = {isa = PBXBuildFile; fileRef = 0E5735A515C4355B00A58F7B /* ThirdViewController.xib */; };
		0E5735AC15C43B3900A58F7B /* FourthViewController.m in Sources */ = {isa = PBXBuildFile; fileRef = 0E5735AA15C43B3900A58F7B /* FourthViewController.m */; };
		0E5735AD15C43B3900A58F7B /* FourthViewController.xib in Resources */ = {isa = PBXBuildFile; fileRef = 0E5735AB15C43B3900A58F7B /* FourthViewController.xib */; };
		0E5735B115C43F4900A58F7B /* FifthViewController.m in Sources */ = {isa = PBXBuildFile; fileRef = 0E5735AF15C43F4900A58F7B /* FifthViewController.m */; };
		0E5735B215C43F4900A58F7B /* FifthViewController.xib in Resources */ = {isa = PBXBuildFile; fileRef = 0E5735B015C43F4900A58F7B /* FifthViewController.xib */; };
		0EDB912D15C2D5F4001C0BC4 /* UIKit.framework in Frameworks */ = {isa = PBXBuildFile; fileRef = 0EDB912C15C2D5F4001C0BC4 /* UIKit.framework */; };
		0EDB912F15C2D5F5001C0BC4 /* Foundation.framework in Frameworks */ = {isa = PBXBuildFile; fileRef = 0EDB912E15C2D5F4001C0BC4 /* Foundation.framework */; };
		0EDB913115C2D5F5001C0BC4 /* CoreGraphics.framework in Frameworks */ = {isa = PBXBuildFile; fileRef = 0EDB913015C2D5F5001C0BC4 /* CoreGraphics.framework */; };
		0EDB913715C2D5F5001C0BC4 /* InfoPlist.strings in Resources */ = {isa = PBXBuildFile; fileRef = 0EDB913515C2D5F5001C0BC4 /* InfoPlist.strings */; };
		0EDB913915C2D5F5001C0BC4 /* main.m in Sources */ = {isa = PBXBuildFile; fileRef = 0EDB913815C2D5F5001C0BC4 /* main.m */; };
		0EDB913D15C2D5F5001C0BC4 /* AppDelegate.m in Sources */ = {isa = PBXBuildFile; fileRef = 0EDB913C15C2D5F5001C0BC4 /* AppDelegate.m */; };
		0EDB914015C2D5F5001C0BC4 /* FirstViewController.m in Sources */ = {isa = PBXBuildFile; fileRef = 0EDB913F15C2D5F5001C0BC4 /* FirstViewController.m */; };
		0EDB914215C2D5F5001C0BC4 /* first.png in Resources */ = {isa = PBXBuildFile; fileRef = 0EDB914115C2D5F5001C0BC4 /* first.png */; };
		0EDB914415C2D5F5001C0BC4 /* first@2x.png in Resources */ = {isa = PBXBuildFile; fileRef = 0EDB914315C2D5F5001C0BC4 /* first@2x.png */; };
		0EDB914715C2D5F5001C0BC4 /* SecondViewController.m in Sources */ = {isa = PBXBuildFile; fileRef = 0EDB914615C2D5F5001C0BC4 /* SecondViewController.m */; };
		0EDB914915C2D5F5001C0BC4 /* second.png in Resources */ = {isa = PBXBuildFile; fileRef = 0EDB914815C2D5F5001C0BC4 /* second.png */; };
		0EDB914B15C2D5F5001C0BC4 /* second@2x.png in Resources */ = {isa = PBXBuildFile; fileRef = 0EDB914A15C2D5F5001C0BC4 /* second@2x.png */; };
		0EDB914E15C2D5F5001C0BC4 /* FirstViewController.xib in Resources */ = {isa = PBXBuildFile; fileRef = 0EDB914C15C2D5F5001C0BC4 /* FirstViewController.xib */; };
		0EDB915115C2D5F5001C0BC4 /* SecondViewController.xib in Resources */ = {isa = PBXBuildFile; fileRef = 0EDB914F15C2D5F5001C0BC4 /* SecondViewController.xib */; };
		0EDB915A15C2D62C001C0BC4 /* LoginViewController.m in Sources */ = {isa = PBXBuildFile; fileRef = 0EDB915815C2D62C001C0BC4 /* LoginViewController.m */; };
		0EDB915B15C2D62C001C0BC4 /* LoginViewController.xib in Resources */ = {isa = PBXBuildFile; fileRef = 0EDB915915C2D62C001C0BC4 /* LoginViewController.xib */; };
/* End PBXBuildFile section */

/* Begin PBXFileReference section */
		0E57358C15C2E20400A58F7B /* src */ = {isa = PBXFileReference; lastKnownFileType = folder; path = src; sourceTree = "<group>"; };
		0E57359215C2E20B00A58F7B /* libfacebook_ios_sdk.a */ = {isa = PBXFileReference; lastKnownFileType = archive.ar; name = libfacebook_ios_sdk.a; path = "WodBoardApp/src/build/Release-iphoneos/libfacebook_ios_sdk.a"; sourceTree = "<group>"; };
		0E5735A315C4355A00A58F7B /* ThirdViewController.h */ = {isa = PBXFileReference; fileEncoding = 4; lastKnownFileType = sourcecode.c.h; path = ThirdViewController.h; sourceTree = "<group>"; };
		0E5735A415C4355A00A58F7B /* ThirdViewController.m */ = {isa = PBXFileReference; fileEncoding = 4; lastKnownFileType = sourcecode.c.objc; path = ThirdViewController.m; sourceTree = "<group>"; };
		0E5735A515C4355B00A58F7B /* ThirdViewController.xib */ = {isa = PBXFileReference; fileEncoding = 4; lastKnownFileType = file.xib; path = ThirdViewController.xib; sourceTree = "<group>"; };
		0E5735A915C43B3900A58F7B /* FourthViewController.h */ = {isa = PBXFileReference; fileEncoding = 4; lastKnownFileType = sourcecode.c.h; path = FourthViewController.h; sourceTree = "<group>"; };
		0E5735AA15C43B3900A58F7B /* FourthViewController.m */ = {isa = PBXFileReference; fileEncoding = 4; lastKnownFileType = sourcecode.c.objc; path = FourthViewController.m; sourceTree = "<group>"; };
		0E5735AB15C43B3900A58F7B /* FourthViewController.xib */ = {isa = PBXFileReference; fileEncoding = 4; lastKnownFileType = file.xib; path = FourthViewController.xib; sourceTree = "<group>"; };
		0E5735AE15C43F4900A58F7B /* FifthViewController.h */ = {isa = PBXFileReference; fileEncoding = 4; lastKnownFileType = sourcecode.c.h; path = FifthViewController.h; sourceTree = "<group>"; };
		0E5735AF15C43F4900A58F7B /* FifthViewController.m */ = {isa = PBXFileReference; fileEncoding = 4; lastKnownFileType = sourcecode.c.objc; path = FifthViewController.m; sourceTree = "<group>"; };
		0E5735B015C43F4900A58F7B /* FifthViewController.xib */ = {isa = PBXFileReference; fileEncoding = 4; lastKnownFileType = file.xib; path = FifthViewController.xib; sourceTree = "<group>"; };
		0EDB912815C2D5F4001C0BC4 /* WodBoardApp.app */ = {isa = PBXFileReference; explicitFileType = wrapper.application; includeInIndex = 0; path = WodBoardApp.app; sourceTree = BUILT_PRODUCTS_DIR; };
		0EDB912C15C2D5F4001C0BC4 /* UIKit.framework */ = {isa = PBXFileReference; lastKnownFileType = wrapper.framework; name = UIKit.framework; path = System/Library/Frameworks/UIKit.framework; sourceTree = SDKROOT; };
		0EDB912E15C2D5F4001C0BC4 /* Foundation.framework */ = {isa = PBXFileReference; lastKnownFileType = wrapper.framework; name = Foundation.framework; path = System/Library/Frameworks/Foundation.framework; sourceTree = SDKROOT; };
		0EDB913015C2D5F5001C0BC4 /* CoreGraphics.framework */ = {isa = PBXFileReference; lastKnownFileType = wrapper.framework; name = CoreGraphics.framework; path = System/Library/Frameworks/CoreGraphics.framework; sourceTree = SDKROOT; };
		0EDB913415C2D5F5001C0BC4 /* WodBoardApp-Info.plist */ = {isa = PBXFileReference; lastKnownFileType = text.plist.xml; path = "WodBoardApp-Info.plist"; sourceTree = "<group>"; };
		0EDB913615C2D5F5001C0BC4 /* en */ = {isa = PBXFileReference; lastKnownFileType = text.plist.strings; name = en; path = en.lproj/InfoPlist.strings; sourceTree = "<group>"; };
		0EDB913815C2D5F5001C0BC4 /* main.m */ = {isa = PBXFileReference; lastKnownFileType = sourcecode.c.objc; path = main.m; sourceTree = "<group>"; };
		0EDB913A15C2D5F5001C0BC4 /* WodBoardApp-Prefix.pch */ = {isa = PBXFileReference; lastKnownFileType = sourcecode.c.h; path = "WodBoardApp-Prefix.pch"; sourceTree = "<group>"; };
		0EDB913B15C2D5F5001C0BC4 /* AppDelegate.h */ = {isa = PBXFileReference; lastKnownFileType = sourcecode.c.h; path = AppDelegate.h; sourceTree = "<group>"; };
		0EDB913C15C2D5F5001C0BC4 /* AppDelegate.m */ = {isa = PBXFileReference; lastKnownFileType = sourcecode.c.objc; path = AppDelegate.m; sourceTree = "<group>"; };
		0EDB913E15C2D5F5001C0BC4 /* FirstViewController.h */ = {isa = PBXFileReference; lastKnownFileType = sourcecode.c.h; path = FirstViewController.h; sourceTree = "<group>"; };
		0EDB913F15C2D5F5001C0BC4 /* FirstViewController.m */ = {isa = PBXFileReference; lastKnownFileType = sourcecode.c.objc; path = FirstViewController.m; sourceTree = "<group>"; };
		0EDB914115C2D5F5001C0BC4 /* first.png */ = {isa = PBXFileReference; lastKnownFileType = image.png; path = first.png; sourceTree = "<group>"; };
		0EDB914315C2D5F5001C0BC4 /* first@2x.png */ = {isa = PBXFileReference; lastKnownFileType = image.png; path = "first@2x.png"; sourceTree = "<group>"; };
		0EDB914515C2D5F5001C0BC4 /* SecondViewController.h */ = {isa = PBXFileReference; lastKnownFileType = sourcecode.c.h; path = SecondViewController.h; sourceTree = "<group>"; };
		0EDB914615C2D5F5001C0BC4 /* SecondViewController.m */ = {isa = PBXFileReference; lastKnownFileType = sourcecode.c.objc; path = SecondViewController.m; sourceTree = "<group>"; };
		0EDB914815C2D5F5001C0BC4 /* second.png */ = {isa = PBXFileReference; lastKnownFileType = image.png; path = second.png; sourceTree = "<group>"; };
		0EDB914A15C2D5F5001C0BC4 /* second@2x.png */ = {isa = PBXFileReference; lastKnownFileType = image.png; path = "second@2x.png"; sourceTree = "<group>"; };
		0EDB914D15C2D5F5001C0BC4 /* en */ = {isa = PBXFileReference; lastKnownFileType = file.xib; name = en; path = en.lproj/FirstViewController.xib; sourceTree = "<group>"; };
		0EDB915015C2D5F5001C0BC4 /* en */ = {isa = PBXFileReference; lastKnownFileType = file.xib; name = en; path = en.lproj/SecondViewController.xib; sourceTree = "<group>"; };
		0EDB915715C2D62C001C0BC4 /* LoginViewController.h */ = {isa = PBXFileReference; fileEncoding = 4; lastKnownFileType = sourcecode.c.h; name = LoginViewController.h; path = ../LoginViewController.h; sourceTree = "<group>"; };
		0EDB915815C2D62C001C0BC4 /* LoginViewController.m */ = {isa = PBXFileReference; fileEncoding = 4; lastKnownFileType = sourcecode.c.objc; name = LoginViewController.m; path = ../LoginViewController.m; sourceTree = "<group>"; };
		0EDB915915C2D62C001C0BC4 /* LoginViewController.xib */ = {isa = PBXFileReference; fileEncoding = 4; lastKnownFileType = file.xib; name = LoginViewController.xib; path = ../LoginViewController.xib; sourceTree = "<group>"; };
/* End PBXFileReference section */

/* Begin PBXFrameworksBuildPhase section */
		0EDB912515C2D5F4001C0BC4 /* Frameworks */ = {
			isa = PBXFrameworksBuildPhase;
			buildActionMask = 2147483647;
			files = (
				0E57359315C2E20B00A58F7B /* libfacebook_ios_sdk.a in Frameworks */,
				0EDB912D15C2D5F4001C0BC4 /* UIKit.framework in Frameworks */,
				0EDB912F15C2D5F5001C0BC4 /* Foundation.framework in Frameworks */,
				0EDB913115C2D5F5001C0BC4 /* CoreGraphics.framework in Frameworks */,
			);
			runOnlyForDeploymentPostprocessing = 0;
		};
/* End PBXFrameworksBuildPhase section */

/* Begin PBXGroup section */
		0EDB911D15C2D5F4001C0BC4 = {
			isa = PBXGroup;
			children = (
				0E57359215C2E20B00A58F7B /* libfacebook_ios_sdk.a */,
				0EDB913215C2D5F5001C0BC4 /* WodBoardApp */,
				0EDB912B15C2D5F4001C0BC4 /* Frameworks */,
				0EDB912915C2D5F4001C0BC4 /* Products */,
			);
			sourceTree = "<group>";
		};
		0EDB912915C2D5F4001C0BC4 /* Products */ = {
			isa = PBXGroup;
			children = (
				0EDB912815C2D5F4001C0BC4 /* WodBoardApp.app */,
			);
			name = Products;
			sourceTree = "<group>";
		};
		0EDB912B15C2D5F4001C0BC4 /* Frameworks */ = {
			isa = PBXGroup;
			children = (
				0EDB912C15C2D5F4001C0BC4 /* UIKit.framework */,
				0EDB912E15C2D5F4001C0BC4 /* Foundation.framework */,
				0EDB913015C2D5F5001C0BC4 /* CoreGraphics.framework */,
			);
			name = Frameworks;
			sourceTree = "<group>";
		};
		0EDB913215C2D5F5001C0BC4 /* WodBoardApp */ = {
			isa = PBXGroup;
			children = (
				0EDB913B15C2D5F5001C0BC4 /* AppDelegate.h */,
				0EDB913C15C2D5F5001C0BC4 /* AppDelegate.m */,
				0EDB913E15C2D5F5001C0BC4 /* FirstViewController.h */,
				0EDB913F15C2D5F5001C0BC4 /* FirstViewController.m */,
				0EDB914115C2D5F5001C0BC4 /* first.png */,
				0EDB914315C2D5F5001C0BC4 /* first@2x.png */,
				0EDB914515C2D5F5001C0BC4 /* SecondViewController.h */,
				0EDB914615C2D5F5001C0BC4 /* SecondViewController.m */,
				0E5735A315C4355A00A58F7B /* ThirdViewController.h */,
				0E5735A415C4355A00A58F7B /* ThirdViewController.m */,
				0E5735A915C43B3900A58F7B /* FourthViewController.h */,
				0E5735AA15C43B3900A58F7B /* FourthViewController.m */,
				0E5735AE15C43F4900A58F7B /* FifthViewController.h */,
				0E5735AF15C43F4900A58F7B /* FifthViewController.m */,
				0EDB915715C2D62C001C0BC4 /* LoginViewController.h */,
				0EDB915815C2D62C001C0BC4 /* LoginViewController.m */,
				0EDB914815C2D5F5001C0BC4 /* second.png */,
				0EDB914A15C2D5F5001C0BC4 /* second@2x.png */,
				0EDB914C15C2D5F5001C0BC4 /* FirstViewController.xib */,
				0EDB914F15C2D5F5001C0BC4 /* SecondViewController.xib */,
				0E5735A515C4355B00A58F7B /* ThirdViewController.xib */,
				0E5735AB15C43B3900A58F7B /* FourthViewController.xib */,
				0E5735B015C43F4900A58F7B /* FifthViewController.xib */,
				0EDB915915C2D62C001C0BC4 /* LoginViewController.xib */,
				0E57358C15C2E20400A58F7B /* src */,
				0EDB913315C2D5F5001C0BC4 /* Supporting Files */,
			);
			path = WodBoardApp;
			sourceTree = "<group>";
		};
		0EDB913315C2D5F5001C0BC4 /* Supporting Files */ = {
			isa = PBXGroup;
			children = (
				0EDB913415C2D5F5001C0BC4 /* WodBoardApp-Info.plist */,
				0EDB913515C2D5F5001C0BC4 /* InfoPlist.strings */,
				0EDB913815C2D5F5001C0BC4 /* main.m */,
				0EDB913A15C2D5F5001C0BC4 /* WodBoardApp-Prefix.pch */,
			);
			name = "Supporting Files";
			sourceTree = "<group>";
		};
/* End PBXGroup section */

/* Begin PBXNativeTarget section */
		0EDB912715C2D5F4001C0BC4 /* WodBoardApp */ = {
			isa = PBXNativeTarget;
			buildConfigurationList = 0EDB915415C2D5F5001C0BC4 /* Build configuration list for PBXNativeTarget "WodBoardApp" */;
			buildPhases = (
				0EDB912415C2D5F4001C0BC4 /* Sources */,
				0EDB912515C2D5F4001C0BC4 /* Frameworks */,
				0EDB912615C2D5F4001C0BC4 /* Resources */,
			);
			buildRules = (
			);
			dependencies = (
			);
			name = WodBoardApp;
			productName = WodBoardApp;
			productReference = 0EDB912815C2D5F4001C0BC4 /* WodBoardApp.app */;
			productType = "com.apple.product-type.application";
		};
/* End PBXNativeTarget section */

/* Begin PBXProject section */
		0EDB911F15C2D5F4001C0BC4 /* Project object */ = {
			isa = PBXProject;
			attributes = {
				LastUpgradeCheck = 0430;
				ORGANIZATIONNAME = "J&L";
			};
			buildConfigurationList = 0EDB912215C2D5F4001C0BC4 /* Build configuration list for PBXProject "WodBoardApp" */;
			compatibilityVersion = "Xcode 3.2";
			developmentRegion = English;
			hasScannedForEncodings = 0;
			knownRegions = (
				en,
			);
			mainGroup = 0EDB911D15C2D5F4001C0BC4;
			productRefGroup = 0EDB912915C2D5F4001C0BC4 /* Products */;
			projectDirPath = "";
			projectRoot = "";
			targets = (
				0EDB912715C2D5F4001C0BC4 /* WodBoardApp */,
			);
		};
/* End PBXProject section */

/* Begin PBXResourcesBuildPhase section */
		0EDB912615C2D5F4001C0BC4 /* Resources */ = {
			isa = PBXResourcesBuildPhase;
			buildActionMask = 2147483647;
			files = (
				0EDB913715C2D5F5001C0BC4 /* InfoPlist.strings in Resources */,
				0EDB914215C2D5F5001C0BC4 /* first.png in Resources */,
				0EDB914415C2D5F5001C0BC4 /* first@2x.png in Resources */,
				0EDB914915C2D5F5001C0BC4 /* second.png in Resources */,
				0EDB914B15C2D5F5001C0BC4 /* second@2x.png in Resources */,
				0EDB914E15C2D5F5001C0BC4 /* FirstViewController.xib in Resources */,
				0EDB915115C2D5F5001C0BC4 /* SecondViewController.xib in Resources */,
				0EDB915B15C2D62C001C0BC4 /* LoginViewController.xib in Resources */,
				0E57358D15C2E20400A58F7B /* src in Resources */,
				0E5735A715C4355B00A58F7B /* ThirdViewController.xib in Resources */,
				0E5735AD15C43B3900A58F7B /* FourthViewController.xib in Resources */,
				0E5735B215C43F4900A58F7B /* FifthViewController.xib in Resources */,
			);
			runOnlyForDeploymentPostprocessing = 0;
		};
/* End PBXResourcesBuildPhase section */

/* Begin PBXSourcesBuildPhase section */
		0EDB912415C2D5F4001C0BC4 /* Sources */ = {
			isa = PBXSourcesBuildPhase;
			buildActionMask = 2147483647;
			files = (
				0EDB913915C2D5F5001C0BC4 /* main.m in Sources */,
				0EDB913D15C2D5F5001C0BC4 /* AppDelegate.m in Sources */,
				0EDB914015C2D5F5001C0BC4 /* FirstViewController.m in Sources */,
				0EDB914715C2D5F5001C0BC4 /* SecondViewController.m in Sources */,
				0EDB915A15C2D62C001C0BC4 /* LoginViewController.m in Sources */,
				0E5735A615C4355B00A58F7B /* ThirdViewController.m in Sources */,
				0E5735AC15C43B3900A58F7B /* FourthViewController.m in Sources */,
				0E5735B115C43F4900A58F7B /* FifthViewController.m in Sources */,
			);
			runOnlyForDeploymentPostprocessing = 0;
		};
/* End PBXSourcesBuildPhase section */

/* Begin PBXVariantGroup section */
		0EDB913515C2D5F5001C0BC4 /* InfoPlist.strings */ = {
			isa = PBXVariantGroup;
			children = (
				0EDB913615C2D5F5001C0BC4 /* en */,
			);
			name = InfoPlist.strings;
			sourceTree = "<group>";
		};
		0EDB914C15C2D5F5001C0BC4 /* FirstViewController.xib */ = {
			isa = PBXVariantGroup;
			children = (
				0EDB914D15C2D5F5001C0BC4 /* en */,
			);
			name = FirstViewController.xib;
			sourceTree = "<group>";
		};
		0EDB914F15C2D5F5001C0BC4 /* SecondViewController.xib */ = {
			isa = PBXVariantGroup;
			children = (
				0EDB915015C2D5F5001C0BC4 /* en */,
			);
			name = SecondViewController.xib;
			sourceTree = "<group>";
		};
/* End PBXVariantGroup section */

/* Begin XCBuildConfiguration section */
		0EDB915215C2D5F5001C0BC4 /* Debug */ = {
			isa = XCBuildConfiguration;
			buildSettings = {
				ALWAYS_SEARCH_USER_PATHS = NO;
				ARCHS = "$(ARCHS_STANDARD_32_BIT)";
				"CODE_SIGN_IDENTITY[sdk=iphoneos*]" = "iPhone Developer";
				COPY_PHASE_STRIP = NO;
				GCC_C_LANGUAGE_STANDARD = gnu99;
				GCC_DYNAMIC_NO_PIC = NO;
				GCC_OPTIMIZATION_LEVEL = 0;
				GCC_PREPROCESSOR_DEFINITIONS = (
					"DEBUG=1",
					"$(inherited)",
				);
				GCC_SYMBOLS_PRIVATE_EXTERN = NO;
				GCC_VERSION = com.apple.compilers.llvm.clang.1_0;
				GCC_WARN_ABOUT_RETURN_TYPE = YES;
				GCC_WARN_UNINITIALIZED_AUTOS = YES;
				GCC_WARN_UNUSED_VARIABLE = YES;
				IPHONEOS_DEPLOYMENT_TARGET = 5.1;
				SDKROOT = iphoneos;
			};
			name = Debug;
		};
		0EDB915315C2D5F5001C0BC4 /* Release */ = {
			isa = XCBuildConfiguration;
			buildSettings = {
				ALWAYS_SEARCH_USER_PATHS = NO;
				ARCHS = "$(ARCHS_STANDARD_32_BIT)";
				"CODE_SIGN_IDENTITY[sdk=iphoneos*]" = "iPhone Developer";
				COPY_PHASE_STRIP = YES;
				GCC_C_LANGUAGE_STANDARD = gnu99;
				GCC_VERSION = com.apple.compilers.llvm.clang.1_0;
				GCC_WARN_ABOUT_RETURN_TYPE = YES;
				GCC_WARN_UNINITIALIZED_AUTOS = YES;
				GCC_WARN_UNUSED_VARIABLE = YES;
				IPHONEOS_DEPLOYMENT_TARGET = 5.1;
				OTHER_CFLAGS = "-DNS_BLOCK_ASSERTIONS=1";
				SDKROOT = iphoneos;
				VALIDATE_PRODUCT = YES;
			};
			name = Release;
		};
		0EDB915515C2D5F5001C0BC4 /* Debug */ = {
			isa = XCBuildConfiguration;
			buildSettings = {
				GCC_PRECOMPILE_PREFIX_HEADER = YES;
				GCC_PREFIX_HEADER = "WodBoardApp/WodBoardApp-Prefix.pch";
				INFOPLIST_FILE = "WodBoardApp/WodBoardApp-Info.plist";
				PRODUCT_NAME = "$(TARGET_NAME)";
				WRAPPER_EXTENSION = app;
			};
			name = Debug;
		};
		0EDB915615C2D5F5001C0BC4 /* Release */ = {
			isa = XCBuildConfiguration;
			buildSettings = {
				GCC_PRECOMPILE_PREFIX_HEADER = YES;
				GCC_PREFIX_HEADER = "WodBoardApp/WodBoardApp-Prefix.pch";
				INFOPLIST_FILE = "WodBoardApp/WodBoardApp-Info.plist";
				PRODUCT_NAME = "$(TARGET_NAME)";
				WRAPPER_EXTENSION = app;
			};
			name = Release;
		};
/* End XCBuildConfiguration section */

/* Begin XCConfigurationList section */
		0EDB912215C2D5F4001C0BC4 /* Build configuration list for PBXProject "WodBoardApp" */ = {
			isa = XCConfigurationList;
			buildConfigurations = (
				0EDB915215C2D5F5001C0BC4 /* Debug */,
				0EDB915315C2D5F5001C0BC4 /* Release */,
			);
			defaultConfigurationIsVisible = 0;
			defaultConfigurationName = Release;
		};
		0EDB915415C2D5F5001C0BC4 /* Build configuration list for PBXNativeTarget "WodBoardApp" */ = {
			isa = XCConfigurationList;
			buildConfigurations = (
				0EDB915515C2D5F5001C0BC4 /* Debug */,
				0EDB915615C2D5F5001C0BC4 /* Release */,
			);
			defaultConfigurationIsVisible = 0;
			defaultConfigurationName = Release;
		};
/* End XCConfigurationList section */
	};
	rootObject = 0EDB911F15C2D5F4001C0BC4 /* Project object */;
}
